
Microsoft Visual Studio Solution File, Format Version 12.00
# Visual Studio 15
VisualStudioVersion = 15.0.26430.6
MinimumVisualStudioVersion = 10.0.40219.1
Project("{FAE04EC0-301F-11D3-BF4B-00C04F79EFBC}") = "DomainRegister", "DomainRegister\DomainRegister.csproj", "{74BB2E5B-84CB-4E97-934F-148391A91560}"
EndProject
Project("{FAE04EC0-301F-11D3-BF4B-00C04F79EFBC}") = "DomainRegisterMailer", "DomainRegisterMailer\DomainRegisterMailer.csproj", "{16B1833B-606E-4A96-A83D-95AE4BA2A986}"
EndProject
Global
	GlobalSection(SolutionConfigurationPlatforms) = preSolution
		Debug|Any CPU = Debug|Any CPU
		Release|Any CPU = Release|Any CPU
	EndGlobalSection
	GlobalSection(ProjectConfigurationPlatforms) = postSolution
		{74BB2E5B-84CB-4E97-934F-148391A91560}.Debug|Any CPU.ActiveCfg = Debug|Any CPU
		{74BB2E5B-84CB-4E97-934F-148391A91560}.Debug|Any CPU.Build.0 = Debug|Any CPU
		{74BB2E5B-84CB-4E97-934F-148391A91560}.Release|Any CPU.ActiveCfg = Release|Any CPU
		{74BB2E5B-84CB-4E97-934F-148391A91560}.Release|Any CPU.Build.0 = Release|Any CPU
		{16B1833B-606E-4A96-A83D-95AE4BA2A986}.Debug|Any CPU.ActiveCfg = Debug|Any CPU
		{16B1833B-606E-4A96-A83D-95AE4BA2A986}.Debug|Any CPU.Build.0 = Debug|Any CPU
		{16B1833B-606E-4A96-A83D-95AE4BA2A986}.Release|Any CPU.ActiveCfg = Release|Any CPU
		{16B1833B-606E-4A96-A83D-95AE4BA2A986}.Release|Any CPU.Build.0 = Release|Any CPU
	EndGlobalSection
	GlobalSection(SolutionProperties) = preSolution
		HideSolutionNode = FALSE
	EndGlobalSection
EndGlobal
